<?xml version="1.0" encoding="utf-8"?>
<Project ToolsVersion="4.0" xmlns="http://schemas.microsoft.com/developer/msbuild/2003">
  <ItemGroup>
    <Filter Include="Source Files">
      <UniqueIdentifier>{4FC737F1-C7A5-4376-A066-2A32D752A2FF}</UniqueIdentifier>
      <Extensions>cpp;c;cc;cxx;def;odl;idl;hpj;bat;asm;asmx</Extensions>
    </Filter>
    <Filter Include="Header Files">
      <UniqueIdentifier>{93995380-89BD-4b04-88EB-625FBE52EBFB}</UniqueIdentifier>
      <Extensions>h;hh;hpp;hxx;hm;inl;inc;xsd</Extensions>
    </Filter>
    <Filter Include="Resource Files">
      <UniqueIdentifier>{67DA6AB6-F800-4c08-8B7A-83BB121AAD01}</UniqueIdentifier>
      <Extensions>rc;ico;cur;bmp;dlg;rc2;rct;bin;rgs;gif;jpg;jpeg;jpe;resx;tiff;tif;png;wav;mfcribbon-ms</Extensions>
    </Filter>
  </ItemGroup>
  <ItemGroup>
    <ClCompile Include="main.cpp">
      <Filter>Source Files</Filter>
    </ClCompile>
    <ClCompile Include="statemachine.cpp">
      <Filter>Source Files</Filter>
    </ClCompile>
    <ClCompile Include="statetitlescreen.cpp">
      <Filter>Source Files</Filter>
    </ClCompile>
    <ClCompile Include="stateeditorcharacter.cpp">
      <Filter>Source Files</Filter>
    </ClCompile>
    <ClCompile Include="stateeditorenemy.cpp">
      <Filter>Source Files</Filter>
    </ClCompile>
    <ClCompile Include="stateeditorability.cpp">
      <Filter>Source Files</Filter>
    </ClCompile>
    <ClCompile Include="stateplay.cpp">
      <Filter>Source Files</Filter>
    </ClCompile>
    <ClCompile Include="statesetting.cpp">
      <Filter>Source Files</Filter>
    </ClCompile>
    <ClCompile Include="textureManager.cpp">
      <Filter>Source Files</Filter>
    </ClCompile>
  </ItemGroup>
  <ItemGroup>
    <ClInclude Include="virtualstate.hpp">
      <Filter>Header Files</Filter>
    </ClInclude>
    <ClInclude Include="statemachine.hpp">
      <Filter>Header Files</Filter>
    </ClInclude>
    <ClInclude Include="statetitlescreen.hpp">
      <Filter>Header Files</Filter>
    </ClInclude>
    <ClInclude Include="stateeditorcharacter.hpp">
      <Filter>Header Files</Filter>
    </ClInclude>
    <ClInclude Include="stateeditorenemy.hpp">
      <Filter>Header Files</Filter>
    </ClInclude>
    <ClInclude Include="stateeditorability.hpp">
      <Filter>Header Files</Filter>
    </ClInclude>
    <ClInclude Include="stateplay.hpp">
      <Filter>Header Files</Filter>
    </ClInclude>
    <ClInclude Include="statesetting.hpp">
      <Filter>Header Files</Filter>
    </ClInclude>
    <ClInclude Include="includestates.hpp">
      <Filter>Header Files</Filter>
    </ClInclude>
    <ClInclude Include="textureManager.hpp">
      <Filter>Header Files</Filter>
    </ClInclude>
    <ClInclude Include="SpriteCreator.hpp">
      <Filter>Header Files</Filter>
    </ClInclude>
  </ItemGroup>
</Project>